
Microsoft Visual Studio Solution File, Format Version 12.00
# Visual Studio 15
VisualStudioVersion = 15.0.26124.0
MinimumVisualStudioVersion = 15.0.26124.0
Project("{2150E333-8FDC-42A3-9474-1A3956D46DE8}") = "src", "src", "{928B5870-5254-4D02-AA67-7FFFB8276414}"
EndProject
Project("{FAE04EC0-301F-11D3-BF4B-00C04F79EFBC}") = "CardGameEngine", "src\CardGameEngine\CardGameEngine.csproj", "{70CA1BF7-F1E9-443B-93DA-8C5E9594292F}"
EndProject
Project("{FAE04EC0-301F-11D3-BF4B-00C04F79EFBC}") = "Networking", "src\Networking\Networking.csproj", "{7561C89D-A9EE-4D46-93C9-BD18FE0AE74A}"
EndProject
Project("{FAE04EC0-301F-11D3-BF4B-00C04F79EFBC}") = "Util", "src\Util\Util.csproj", "{CCBA23D3-B9EE-47C5-8B29-156028EB2AC3}"
EndProject
Project("{FAE04EC0-301F-11D3-BF4B-00C04F79EFBC}") = "tests", "tests\tests.csproj", "{66231AA9-ED95-4D31-93FF-94454FD7739D}"
EndProject
Project("{FAE04EC0-301F-11D3-BF4B-00C04F79EFBC}") = "TestClient", "src\TestClient\TestClient.csproj", "{E9EB8F82-97DF-4EEB-8EC9-8C9275299918}"
EndProject
Project("{FAE04EC0-301F-11D3-BF4B-00C04F79EFBC}") = "GameServer", "src\GameServer\GameServer.csproj", "{A85CA305-7F89-4B25-A60B-7472662E54C6}"
EndProject
Global
	GlobalSection(SolutionConfigurationPlatforms) = preSolution
		Debug|Any CPU = Debug|Any CPU
		Debug|x64 = Debug|x64
		Debug|x86 = Debug|x86
		Release|Any CPU = Release|Any CPU
		Release|x64 = Release|x64
		Release|x86 = Release|x86
	EndGlobalSection
	GlobalSection(SolutionProperties) = preSolution
		HideSolutionNode = FALSE
	EndGlobalSection
	GlobalSection(ProjectConfigurationPlatforms) = postSolution
		{70CA1BF7-F1E9-443B-93DA-8C5E9594292F}.Debug|Any CPU.ActiveCfg = Debug|Any CPU
		{70CA1BF7-F1E9-443B-93DA-8C5E9594292F}.Debug|Any CPU.Build.0 = Debug|Any CPU
		{70CA1BF7-F1E9-443B-93DA-8C5E9594292F}.Debug|x64.ActiveCfg = Debug|Any CPU
		{70CA1BF7-F1E9-443B-93DA-8C5E9594292F}.Debug|x64.Build.0 = Debug|Any CPU
		{70CA1BF7-F1E9-443B-93DA-8C5E9594292F}.Debug|x86.ActiveCfg = Debug|Any CPU
		{70CA1BF7-F1E9-443B-93DA-8C5E9594292F}.Debug|x86.Build.0 = Debug|Any CPU
		{70CA1BF7-F1E9-443B-93DA-8C5E9594292F}.Release|Any CPU.ActiveCfg = Release|Any CPU
		{70CA1BF7-F1E9-443B-93DA-8C5E9594292F}.Release|Any CPU.Build.0 = Release|Any CPU
		{70CA1BF7-F1E9-443B-93DA-8C5E9594292F}.Release|x64.ActiveCfg = Release|Any CPU
		{70CA1BF7-F1E9-443B-93DA-8C5E9594292F}.Release|x64.Build.0 = Release|Any CPU
		{70CA1BF7-F1E9-443B-93DA-8C5E9594292F}.Release|x86.ActiveCfg = Release|Any CPU
		{70CA1BF7-F1E9-443B-93DA-8C5E9594292F}.Release|x86.Build.0 = Release|Any CPU
		{7561C89D-A9EE-4D46-93C9-BD18FE0AE74A}.Debug|Any CPU.ActiveCfg = Debug|Any CPU
		{7561C89D-A9EE-4D46-93C9-BD18FE0AE74A}.Debug|Any CPU.Build.0 = Debug|Any CPU
		{7561C89D-A9EE-4D46-93C9-BD18FE0AE74A}.Debug|x64.ActiveCfg = Debug|Any CPU
		{7561C89D-A9EE-4D46-93C9-BD18FE0AE74A}.Debug|x64.Build.0 = Debug|Any CPU
		{7561C89D-A9EE-4D46-93C9-BD18FE0AE74A}.Debug|x86.ActiveCfg = Debug|Any CPU
		{7561C89D-A9EE-4D46-93C9-BD18FE0AE74A}.Debug|x86.Build.0 = Debug|Any CPU
		{7561C89D-A9EE-4D46-93C9-BD18FE0AE74A}.Release|Any CPU.ActiveCfg = Release|Any CPU
		{7561C89D-A9EE-4D46-93C9-BD18FE0AE74A}.Release|Any CPU.Build.0 = Release|Any CPU
		{7561C89D-A9EE-4D46-93C9-BD18FE0AE74A}.Release|x64.ActiveCfg = Release|Any CPU
		{7561C89D-A9EE-4D46-93C9-BD18FE0AE74A}.Release|x64.Build.0 = Release|Any CPU
		{7561C89D-A9EE-4D46-93C9-BD18FE0AE74A}.Release|x86.ActiveCfg = Release|Any CPU
		{7561C89D-A9EE-4D46-93C9-BD18FE0AE74A}.Release|x86.Build.0 = Release|Any CPU
		{CCBA23D3-B9EE-47C5-8B29-156028EB2AC3}.Debug|Any CPU.ActiveCfg = Debug|Any CPU
		{CCBA23D3-B9EE-47C5-8B29-156028EB2AC3}.Debug|Any CPU.Build.0 = Debug|Any CPU
		{CCBA23D3-B9EE-47C5-8B29-156028EB2AC3}.Debug|x64.ActiveCfg = Debug|Any CPU
		{CCBA23D3-B9EE-47C5-8B29-156028EB2AC3}.Debug|x64.Build.0 = Debug|Any CPU
		{CCBA23D3-B9EE-47C5-8B29-156028EB2AC3}.Debug|x86.ActiveCfg = Debug|Any CPU
		{CCBA23D3-B9EE-47C5-8B29-156028EB2AC3}.Debug|x86.Build.0 = Debug|Any CPU
		{CCBA23D3-B9EE-47C5-8B29-156028EB2AC3}.Release|Any CPU.ActiveCfg = Release|Any CPU
		{CCBA23D3-B9EE-47C5-8B29-156028EB2AC3}.Release|Any CPU.Build.0 = Release|Any CPU
		{CCBA23D3-B9EE-47C5-8B29-156028EB2AC3}.Release|x64.ActiveCfg = Release|Any CPU
		{CCBA23D3-B9EE-47C5-8B29-156028EB2AC3}.Release|x64.Build.0 = Release|Any CPU
		{CCBA23D3-B9EE-47C5-8B29-156028EB2AC3}.Release|x86.ActiveCfg = Release|Any CPU
		{CCBA23D3-B9EE-47C5-8B29-156028EB2AC3}.Release|x86.Build.0 = Release|Any CPU
		{66231AA9-ED95-4D31-93FF-94454FD7739D}.Debug|Any CPU.ActiveCfg = Debug|Any CPU
		{66231AA9-ED95-4D31-93FF-94454FD7739D}.Debug|Any CPU.Build.0 = Debug|Any CPU
		{66231AA9-ED95-4D31-93FF-94454FD7739D}.Debug|x64.ActiveCfg = Debug|Any CPU
		{66231AA9-ED95-4D31-93FF-94454FD7739D}.Debug|x64.Build.0 = Debug|Any CPU
		{66231AA9-ED95-4D31-93FF-94454FD7739D}.Debug|x86.ActiveCfg = Debug|Any CPU
		{66231AA9-ED95-4D31-93FF-94454FD7739D}.Debug|x86.Build.0 = Debug|Any CPU
		{66231AA9-ED95-4D31-93FF-94454FD7739D}.Release|Any CPU.ActiveCfg = Release|Any CPU
		{66231AA9-ED95-4D31-93FF-94454FD7739D}.Release|Any CPU.Build.0 = Release|Any CPU
		{66231AA9-ED95-4D31-93FF-94454FD7739D}.Release|x64.ActiveCfg = Release|Any CPU
		{66231AA9-ED95-4D31-93FF-94454FD7739D}.Release|x64.Build.0 = Release|Any CPU
		{66231AA9-ED95-4D31-93FF-94454FD7739D}.Release|x86.ActiveCfg = Release|Any CPU
		{66231AA9-ED95-4D31-93FF-94454FD7739D}.Release|x86.Build.0 = Release|Any CPU
		{E9EB8F82-97DF-4EEB-8EC9-8C9275299918}.Debug|Any CPU.ActiveCfg = Debug|Any CPU
		{E9EB8F82-97DF-4EEB-8EC9-8C9275299918}.Debug|Any CPU.Build.0 = Debug|Any CPU
		{E9EB8F82-97DF-4EEB-8EC9-8C9275299918}.Debug|x64.ActiveCfg = Debug|Any CPU
		{E9EB8F82-97DF-4EEB-8EC9-8C9275299918}.Debug|x64.Build.0 = Debug|Any CPU
		{E9EB8F82-97DF-4EEB-8EC9-8C9275299918}.Debug|x86.ActiveCfg = Debug|Any CPU
		{E9EB8F82-97DF-4EEB-8EC9-8C9275299918}.Debug|x86.Build.0 = Debug|Any CPU
		{E9EB8F82-97DF-4EEB-8EC9-8C9275299918}.Release|Any CPU.ActiveCfg = Release|Any CPU
		{E9EB8F82-97DF-4EEB-8EC9-8C9275299918}.Release|Any CPU.Build.0 = Release|Any CPU
		{E9EB8F82-97DF-4EEB-8EC9-8C9275299918}.Release|x64.ActiveCfg = Release|Any CPU
		{E9EB8F82-97DF-4EEB-8EC9-8C9275299918}.Release|x64.Build.0 = Release|Any CPU
		{E9EB8F82-97DF-4EEB-8EC9-8C9275299918}.Release|x86.ActiveCfg = Release|Any CPU
		{E9EB8F82-97DF-4EEB-8EC9-8C9275299918}.Release|x86.Build.0 = Release|Any CPU
		{A85CA305-7F89-4B25-A60B-7472662E54C6}.Debug|Any CPU.ActiveCfg = Debug|Any CPU
		{A85CA305-7F89-4B25-A60B-7472662E54C6}.Debug|Any CPU.Build.0 = Debug|Any CPU
		{A85CA305-7F89-4B25-A60B-7472662E54C6}.Debug|x64.ActiveCfg = Debug|Any CPU
		{A85CA305-7F89-4B25-A60B-7472662E54C6}.Debug|x64.Build.0 = Debug|Any CPU
		{A85CA305-7F89-4B25-A60B-7472662E54C6}.Debug|x86.ActiveCfg = Debug|Any CPU
		{A85CA305-7F89-4B25-A60B-7472662E54C6}.Debug|x86.Build.0 = Debug|Any CPU
		{A85CA305-7F89-4B25-A60B-7472662E54C6}.Release|Any CPU.ActiveCfg = Release|Any CPU
		{A85CA305-7F89-4B25-A60B-7472662E54C6}.Release|Any CPU.Build.0 = Release|Any CPU
		{A85CA305-7F89-4B25-A60B-7472662E54C6}.Release|x64.ActiveCfg = Release|Any CPU
		{A85CA305-7F89-4B25-A60B-7472662E54C6}.Release|x64.Build.0 = Release|Any CPU
		{A85CA305-7F89-4B25-A60B-7472662E54C6}.Release|x86.ActiveCfg = Release|Any CPU
		{A85CA305-7F89-4B25-A60B-7472662E54C6}.Release|x86.Build.0 = Release|Any CPU
	EndGlobalSection
	GlobalSection(NestedProjects) = preSolution
		{70CA1BF7-F1E9-443B-93DA-8C5E9594292F} = {928B5870-5254-4D02-AA67-7FFFB8276414}
		{7561C89D-A9EE-4D46-93C9-BD18FE0AE74A} = {928B5870-5254-4D02-AA67-7FFFB8276414}
		{CCBA23D3-B9EE-47C5-8B29-156028EB2AC3} = {928B5870-5254-4D02-AA67-7FFFB8276414}
		{E9EB8F82-97DF-4EEB-8EC9-8C9275299918} = {928B5870-5254-4D02-AA67-7FFFB8276414}
		{A85CA305-7F89-4B25-A60B-7472662E54C6} = {928B5870-5254-4D02-AA67-7FFFB8276414}
	EndGlobalSection
EndGlobal
